// !$*UTF8*$!
{
	archiveVersion = 1;
	classes = {
	};
	objectVersion = 46;
	objects = {

/* Begin PBXBuildFile section */
		2DAC2C621DBDE39F0011B00A /* AppDelegate.swift in Sources */ = {isa = PBXBuildFile; fileRef = 2DAC2C611DBDE39F0011B00A /* AppDelegate.swift */; };
		2DAC2C641DBDE39F0011B00A /* ViewController.swift in Sources */ = {isa = PBXBuildFile; fileRef = 2DAC2C631DBDE39F0011B00A /* ViewController.swift */; };
		2DAC2C671DBDE39F0011B00A /* Main.storyboard in Resources */ = {isa = PBXBuildFile; fileRef = 2DAC2C651DBDE39F0011B00A /* Main.storyboard */; };
		2DAC2C691DBDE39F0011B00A /* Assets.xcassets in Resources */ = {isa = PBXBuildFile; fileRef = 2DAC2C681DBDE39F0011B00A /* Assets.xcassets */; };
		2DAC2C6C1DBDE39F0011B00A /* LaunchScreen.storyboard in Resources */ = {isa = PBXBuildFile; fileRef = 2DAC2C6A1DBDE39F0011B00A /* LaunchScreen.storyboard */; };
		2DAC2C771DBDE39F0011B00A /* enjoyLifeTests.swift in Sources */ = {isa = PBXBuildFile; fileRef = 2DAC2C761DBDE39F0011B00A /* enjoyLifeTests.swift */; };
		2DAC2C821DBDE39F0011B00A /* enjoyLifeUITests.swift in Sources */ = {isa = PBXBuildFile; fileRef = 2DAC2C811DBDE39F0011B00A /* enjoyLifeUITests.swift */; };
		2DAC2C9F1DBDE68B0011B00A /* FindViewController.swift in Sources */ = {isa = PBXBuildFile; fileRef = 2DAC2C9E1DBDE68B0011B00A /* FindViewController.swift */; };
		2DAC2CA11DBDE6A40011B00A /* ShopViewController.swift in Sources */ = {isa = PBXBuildFile; fileRef = 2DAC2CA01DBDE6A40011B00A /* ShopViewController.swift */; };
		2DAC2CA31DBDE6B60011B00A /* MainViewController.swift in Sources */ = {isa = PBXBuildFile; fileRef = 2DAC2CA21DBDE6B60011B00A /* MainViewController.swift */; };
		2DAC2CA51DBDE7320011B00A /* LPTabBarViewController.swift in Sources */ = {isa = PBXBuildFile; fileRef = 2DAC2CA41DBDE7320011B00A /* LPTabBarViewController.swift */; };
		2DAC2CAF1DBDE9C80011B00A /* tab_icon_explore_30x30_@2x.png in Resources */ = {isa = PBXBuildFile; fileRef = 2DAC2CA71DBDE9C80011B00A /* tab_icon_explore_30x30_@2x.png */; };
		2DAC2CB01DBDE9C80011B00A /* tab_icon_explore_30x30_@3x.png in Resources */ = {isa = PBXBuildFile; fileRef = 2DAC2CA81DBDE9C80011B00A /* tab_icon_explore_30x30_@3x.png */; };
		2DAC2CB11DBDE9C80011B00A /* tab_icon_home_30x30_@2x.png in Resources */ = {isa = PBXBuildFile; fileRef = 2DAC2CA91DBDE9C80011B00A /* tab_icon_home_30x30_@2x.png */; };
		2DAC2CB21DBDE9C80011B00A /* tab_icon_home_30x30_@3x.png in Resources */ = {isa = PBXBuildFile; fileRef = 2DAC2CAA1DBDE9C80011B00A /* tab_icon_home_30x30_@3x.png */; };
		2DAC2CB31DBDE9C80011B00A /* tab_icon_me_30x30_@2x.png in Resources */ = {isa = PBXBuildFile; fileRef = 2DAC2CAB1DBDE9C80011B00A /* tab_icon_me_30x30_@2x.png */; };
		2DAC2CB41DBDE9C80011B00A /* tab_icon_me_30x30_@3x.png in Resources */ = {isa = PBXBuildFile; fileRef = 2DAC2CAC1DBDE9C80011B00A /* tab_icon_me_30x30_@3x.png */; };
		2DAC2CB51DBDE9C80011B00A /* tab_icon_store_30x30_@2x.png in Resources */ = {isa = PBXBuildFile; fileRef = 2DAC2CAD1DBDE9C80011B00A /* tab_icon_store_30x30_@2x.png */; };
		2DAC2CB61DBDE9C80011B00A /* tab_icon_store_30x30_@3x.png in Resources */ = {isa = PBXBuildFile; fileRef = 2DAC2CAE1DBDE9C80011B00A /* tab_icon_store_30x30_@3x.png */; };
		2DAC2CBF1DBDE9E40011B00A /* tab_icon_explore_highlight_30x30_@2x.png in Resources */ = {isa = PBXBuildFile; fileRef = 2DAC2CB71DBDE9E40011B00A /* tab_icon_explore_highlight_30x30_@2x.png */; };
		2DAC2CC01DBDE9E40011B00A /* tab_icon_explore_highlight_30x30_@3x.png in Resources */ = {isa = PBXBuildFile; fileRef = 2DAC2CB81DBDE9E40011B00A /* tab_icon_explore_highlight_30x30_@3x.png */; };
		2DAC2CC11DBDE9E40011B00A /* tab_icon_home_highlight_30x30_@2x.png in Resources */ = {isa = PBXBuildFile; fileRef = 2DAC2CB91DBDE9E40011B00A /* tab_icon_home_highlight_30x30_@2x.png */; };
		2DAC2CC21DBDE9E40011B00A /* tab_icon_home_highlight_30x30_@3x.png in Resources */ = {isa = PBXBuildFile; fileRef = 2DAC2CBA1DBDE9E40011B00A /* tab_icon_home_highlight_30x30_@3x.png */; };
		2DAC2CC31DBDE9E40011B00A /* tab_icon_me_highlight_30x30_@2x.png in Resources */ = {isa = PBXBuildFile; fileRef = 2DAC2CBB1DBDE9E40011B00A /* tab_icon_me_highlight_30x30_@2x.png */; };
		2DAC2CC41DBDE9E40011B00A /* tab_icon_me_highlight_30x30_@3x.png in Resources */ = {isa = PBXBuildFile; fileRef = 2DAC2CBC1DBDE9E40011B00A /* tab_icon_me_highlight_30x30_@3x.png */; };
		2DAC2CC51DBDE9E40011B00A /* tab_icon_store_highlight_30x30_@2x.png in Resources */ = {isa = PBXBuildFile; fileRef = 2DAC2CBD1DBDE9E40011B00A /* tab_icon_store_highlight_30x30_@2x.png */; };
		2DAC2CC61DBDE9E40011B00A /* tab_icon_store_highlight_30x30_@3x.png in Resources */ = {isa = PBXBuildFile; fileRef = 2DAC2CBE1DBDE9E40011B00A /* tab_icon_store_highlight_30x30_@3x.png */; };
		2DAC2CC91DBDE9EC0011B00A /* tab_icon_club_30x30_@2x.png in Resources */ = {isa = PBXBuildFile; fileRef = 2DAC2CC71DBDE9EC0011B00A /* tab_icon_club_30x30_@2x.png */; };
		2DAC2CCA1DBDE9EC0011B00A /* tab_icon_club_30x30_@3x.png in Resources */ = {isa = PBXBuildFile; fileRef = 2DAC2CC81DBDE9EC0011B00A /* tab_icon_club_30x30_@3x.png */; };
		2DAC2CCD1DBDE9F50011B00A /* tab_icon_club_highlight_30x30_@2x.png in Resources */ = {isa = PBXBuildFile; fileRef = 2DAC2CCB1DBDE9F50011B00A /* tab_icon_club_highlight_30x30_@2x.png */; };
		2DAC2CCE1DBDE9F50011B00A /* tab_icon_club_highlight_30x30_@3x.png in Resources */ = {isa = PBXBuildFile; fileRef = 2DAC2CCC1DBDE9F50011B00A /* tab_icon_club_highlight_30x30_@3x.png */; };
		2DAC2CFC1DBE0E730011B00A /* common.swift in Sources */ = {isa = PBXBuildFile; fileRef = 2DAC2CFB1DBE0E730011B00A /* common.swift */; };
		2DAC2D051DBE13ED0011B00A /* LPNavigationBarPro.swift in Sources */ = {isa = PBXBuildFile; fileRef = 2DAC2D041DBE13ED0011B00A /* LPNavigationBarPro.swift */; };
		2DAC2D091DBE186C0011B00A /* navBg.png in Resources */ = {isa = PBXBuildFile; fileRef = 2DAC2D081DBE186C0011B00A /* navBg.png */; };
		2DAC2D0C1DBE1E3D0011B00A /* searchdi@2x.png in Resources */ = {isa = PBXBuildFile; fileRef = 2DAC2D0A1DBE1E3D0011B00A /* searchdi@2x.png */; };
		2DAC2D0D1DBE1E3D0011B00A /* searchdi@3x.png in Resources */ = {isa = PBXBuildFile; fileRef = 2DAC2D0B1DBE1E3D0011B00A /* searchdi@3x.png */; };
		2DAC2D141DBE2A790011B00A /* zdsearch@2x.png in Resources */ = {isa = PBXBuildFile; fileRef = 2DAC2D121DBE2A790011B00A /* zdsearch@2x.png */; };
		2DAC2D151DBE2A790011B00A /* zdsearch@3x.png in Resources */ = {isa = PBXBuildFile; fileRef = 2DAC2D131DBE2A790011B00A /* zdsearch@3x.png */; };
		7088B928697F03179EB8B8EA /* Pods_enjoyLife.framework in Frameworks */ = {isa = PBXBuildFile; fileRef = 49606BB643AEB2C2CDC4C73E /* Pods_enjoyLife.framework */; };
/* End PBXBuildFile section */

/* Begin PBXContainerItemProxy section */
		2DAC2C731DBDE39F0011B00A /* PBXContainerItemProxy */ = {
			isa = PBXContainerItemProxy;
			containerPortal = 2DAC2C561DBDE39F0011B00A /* Project object */;
			proxyType = 1;
			remoteGlobalIDString = 2DAC2C5D1DBDE39F0011B00A;
			remoteInfo = enjoyLife;
		};
		2DAC2C7E1DBDE39F0011B00A /* PBXContainerItemProxy */ = {
			isa = PBXContainerItemProxy;
			containerPortal = 2DAC2C561DBDE39F0011B00A /* Project object */;
			proxyType = 1;
			remoteGlobalIDString = 2DAC2C5D1DBDE39F0011B00A;
			remoteInfo = enjoyLife;
		};
/* End PBXContainerItemProxy section */

/* Begin PBXFileReference section */
		2DAC2C5E1DBDE39F0011B00A /* enjoyLife.app */ = {isa = PBXFileReference; explicitFileType = wrapper.application; includeInIndex = 0; path = enjoyLife.app; sourceTree = BUILT_PRODUCTS_DIR; };
		2DAC2C611DBDE39F0011B00A /* AppDelegate.swift */ = {isa = PBXFileReference; lastKnownFileType = sourcecode.swift; path = AppDelegate.swift; sourceTree = "<group>"; };
		2DAC2C631DBDE39F0011B00A /* ViewController.swift */ = {isa = PBXFileReference; lastKnownFileType = sourcecode.swift; path = ViewController.swift; sourceTree = "<group>"; };
		2DAC2C661DBDE39F0011B00A /* Base */ = {isa = PBXFileReference; lastKnownFileType = file.storyboard; name = Base; path = Base.lproj/Main.storyboard; sourceTree = "<group>"; };
		2DAC2C681DBDE39F0011B00A /* Assets.xcassets */ = {isa = PBXFileReference; lastKnownFileType = folder.assetcatalog; path = Assets.xcassets; sourceTree = "<group>"; };
		2DAC2C6B1DBDE39F0011B00A /* Base */ = {isa = PBXFileReference; lastKnownFileType = file.storyboard; name = Base; path = Base.lproj/LaunchScreen.storyboard; sourceTree = "<group>"; };
		2DAC2C6D1DBDE39F0011B00A /* Info.plist */ = {isa = PBXFileReference; lastKnownFileType = text.plist.xml; path = Info.plist; sourceTree = "<group>"; };
		2DAC2C721DBDE39F0011B00A /* enjoyLifeTests.xctest */ = {isa = PBXFileReference; explicitFileType = wrapper.cfbundle; includeInIndex = 0; path = enjoyLifeTests.xctest; sourceTree = BUILT_PRODUCTS_DIR; };
		2DAC2C761DBDE39F0011B00A /* enjoyLifeTests.swift */ = {isa = PBXFileReference; lastKnownFileType = sourcecode.swift; path = enjoyLifeTests.swift; sourceTree = "<group>"; };
		2DAC2C781DBDE39F0011B00A /* Info.plist */ = {isa = PBXFileReference; lastKnownFileType = text.plist.xml; path = Info.plist; sourceTree = "<group>"; };
		2DAC2C7D1DBDE39F0011B00A /* enjoyLifeUITests.xctest */ = {isa = PBXFileReference; explicitFileType = wrapper.cfbundle; includeInIndex = 0; path = enjoyLifeUITests.xctest; sourceTree = BUILT_PRODUCTS_DIR; };
		2DAC2C811DBDE39F0011B00A /* enjoyLifeUITests.swift */ = {isa = PBXFileReference; lastKnownFileType = sourcecode.swift; path = enjoyLifeUITests.swift; sourceTree = "<group>"; };
		2DAC2C831DBDE39F0011B00A /* Info.plist */ = {isa = PBXFileReference; lastKnownFileType = text.plist.xml; path = Info.plist; sourceTree = "<group>"; };
		2DAC2C9E1DBDE68B0011B00A /* FindViewController.swift */ = {isa = PBXFileReference; fileEncoding = 4; lastKnownFileType = sourcecode.swift; path = FindViewController.swift; sourceTree = "<group>"; };
		2DAC2CA01DBDE6A40011B00A /* ShopViewController.swift */ = {isa = PBXFileReference; fileEncoding = 4; lastKnownFileType = sourcecode.swift; path = ShopViewController.swift; sourceTree = "<group>"; };
		2DAC2CA21DBDE6B60011B00A /* MainViewController.swift */ = {isa = PBXFileReference; fileEncoding = 4; lastKnownFileType = sourcecode.swift; path = MainViewController.swift; sourceTree = "<group>"; };
		2DAC2CA41DBDE7320011B00A /* LPTabBarViewController.swift */ = {isa = PBXFileReference; fileEncoding = 4; lastKnownFileType = sourcecode.swift; path = LPTabBarViewController.swift; sourceTree = "<group>"; };
		2DAC2CA71DBDE9C80011B00A /* tab_icon_explore_30x30_@2x.png */ = {isa = PBXFileReference; lastKnownFileType = image.png; path = "tab_icon_explore_30x30_@2x.png"; sourceTree = "<group>"; };
		2DAC2CA81DBDE9C80011B00A /* tab_icon_explore_30x30_@3x.png */ = {isa = PBXFileReference; lastKnownFileType = image.png; path = "tab_icon_explore_30x30_@3x.png"; sourceTree = "<group>"; };
		2DAC2CA91DBDE9C80011B00A /* tab_icon_home_30x30_@2x.png */ = {isa = PBXFileReference; lastKnownFileType = image.png; path = "tab_icon_home_30x30_@2x.png"; sourceTree = "<group>"; };
		2DAC2CAA1DBDE9C80011B00A /* tab_icon_home_30x30_@3x.png */ = {isa = PBXFileReference; lastKnownFileType = image.png; path = "tab_icon_home_30x30_@3x.png"; sourceTree = "<group>"; };
		2DAC2CAB1DBDE9C80011B00A /* tab_icon_me_30x30_@2x.png */ = {isa = PBXFileReference; lastKnownFileType = image.png; path = "tab_icon_me_30x30_@2x.png"; sourceTree = "<group>"; };
		2DAC2CAC1DBDE9C80011B00A /* tab_icon_me_30x30_@3x.png */ = {isa = PBXFileReference; lastKnownFileType = image.png; path = "tab_icon_me_30x30_@3x.png"; sourceTree = "<group>"; };
		2DAC2CAD1DBDE9C80011B00A /* tab_icon_store_30x30_@2x.png */ = {isa = PBXFileReference; lastKnownFileType = image.png; path = "tab_icon_store_30x30_@2x.png"; sourceTree = "<group>"; };
		2DAC2CAE1DBDE9C80011B00A /* tab_icon_store_30x30_@3x.png */ = {isa = PBXFileReference; lastKnownFileType = image.png; path = "tab_icon_store_30x30_@3x.png"; sourceTree = "<group>"; };
		2DAC2CB71DBDE9E40011B00A /* tab_icon_explore_highlight_30x30_@2x.png */ = {isa = PBXFileReference; lastKnownFileType = image.png; path = "tab_icon_explore_highlight_30x30_@2x.png"; sourceTree = "<group>"; };
		2DAC2CB81DBDE9E40011B00A /* tab_icon_explore_highlight_30x30_@3x.png */ = {isa = PBXFileReference; lastKnownFileType = image.png; path = "tab_icon_explore_highlight_30x30_@3x.png"; sourceTree = "<group>"; };
		2DAC2CB91DBDE9E40011B00A /* tab_icon_home_highlight_30x30_@2x.png */ = {isa = PBXFileReference; lastKnownFileType = image.png; path = "tab_icon_home_highlight_30x30_@2x.png"; sourceTree = "<group>"; };
		2DAC2CBA1DBDE9E40011B00A /* tab_icon_home_highlight_30x30_@3x.png */ = {isa = PBXFileReference; lastKnownFileType = image.png; path = "tab_icon_home_highlight_30x30_@3x.png"; sourceTree = "<group>"; };
		2DAC2CBB1DBDE9E40011B00A /* tab_icon_me_highlight_30x30_@2x.png */ = {isa = PBXFileReference; lastKnownFileType = image.png; path = "tab_icon_me_highlight_30x30_@2x.png"; sourceTree = "<group>"; };
		2DAC2CBC1DBDE9E40011B00A /* tab_icon_me_highlight_30x30_@3x.png */ = {isa = PBXFileReference; lastKnownFileType = image.png; path = "tab_icon_me_highlight_30x30_@3x.png"; sourceTree = "<group>"; };
		2DAC2CBD1DBDE9E40011B00A /* tab_icon_store_highlight_30x30_@2x.png */ = {isa = PBXFileReference; lastKnownFileType = image.png; path = "tab_icon_store_highlight_30x30_@2x.png"; sourceTree = "<group>"; };
		2DAC2CBE1DBDE9E40011B00A /* tab_icon_store_highlight_30x30_@3x.png */ = {isa = PBXFileReference; lastKnownFileType = image.png; path = "tab_icon_store_highlight_30x30_@3x.png"; sourceTree = "<group>"; };
		2DAC2CC71DBDE9EC0011B00A /* tab_icon_club_30x30_@2x.png */ = {isa = PBXFileReference; lastKnownFileType = image.png; path = "tab_icon_club_30x30_@2x.png"; sourceTree = "<group>"; };
		2DAC2CC81DBDE9EC0011B00A /* tab_icon_club_30x30_@3x.png */ = {isa = PBXFileReference; lastKnownFileType = image.png; path = "tab_icon_club_30x30_@3x.png"; sourceTree = "<group>"; };
		2DAC2CCB1DBDE9F50011B00A /* tab_icon_club_highlight_30x30_@2x.png */ = {isa = PBXFileReference; lastKnownFileType = image.png; path = "tab_icon_club_highlight_30x30_@2x.png"; sourceTree = "<group>"; };
		2DAC2CCC1DBDE9F50011B00A /* tab_icon_club_highlight_30x30_@3x.png */ = {isa = PBXFileReference; lastKnownFileType = image.png; path = "tab_icon_club_highlight_30x30_@3x.png"; sourceTree = "<group>"; };
		2DAC2CFB1DBE0E730011B00A /* common.swift */ = {isa = PBXFileReference; fileEncoding = 4; lastKnownFileType = sourcecode.swift; path = common.swift; sourceTree = "<group>"; };
		2DAC2D041DBE13ED0011B00A /* LPNavigationBarPro.swift */ = {isa = PBXFileReference; fileEncoding = 4; lastKnownFileType = sourcecode.swift; path = LPNavigationBarPro.swift; sourceTree = "<group>"; };
		2DAC2D081DBE186C0011B00A /* navBg.png */ = {isa = PBXFileReference; lastKnownFileType = image.png; path = navBg.png; sourceTree = "<group>"; };
		2DAC2D0A1DBE1E3D0011B00A /* searchdi@2x.png */ = {isa = PBXFileReference; lastKnownFileType = image.png; path = "searchdi@2x.png"; sourceTree = "<group>"; };
		2DAC2D0B1DBE1E3D0011B00A /* searchdi@3x.png */ = {isa = PBXFileReference; lastKnownFileType = image.png; path = "searchdi@3x.png"; sourceTree = "<group>"; };
		2DAC2D121DBE2A790011B00A /* zdsearch@2x.png */ = {isa = PBXFileReference; lastKnownFileType = image.png; path = "zdsearch@2x.png"; sourceTree = "<group>"; };
		2DAC2D131DBE2A790011B00A /* zdsearch@3x.png */ = {isa = PBXFileReference; lastKnownFileType = image.png; path = "zdsearch@3x.png"; sourceTree = "<group>"; };
		49606BB643AEB2C2CDC4C73E /* Pods_enjoyLife.framework */ = {isa = PBXFileReference; explicitFileType = wrapper.framework; includeInIndex = 0; path = Pods_enjoyLife.framework; sourceTree = BUILT_PRODUCTS_DIR; };
		735016D022F38FDDB49425E0 /* Pods-enjoyLife.release.xcconfig */ = {isa = PBXFileReference; includeInIndex = 1; lastKnownFileType = text.xcconfig; name = "Pods-enjoyLife.release.xcconfig"; path = "Pods/Target Support Files/Pods-enjoyLife/Pods-enjoyLife.release.xcconfig"; sourceTree = "<group>"; };
		98FB3A3D3D3CFFFF384BC050 /* Pods-enjoyLife.debug.xcconfig */ = {isa = PBXFileReference; includeInIndex = 1; lastKnownFileType = text.xcconfig; name = "Pods-enjoyLife.debug.xcconfig"; path = "Pods/Target Support Files/Pods-enjoyLife/Pods-enjoyLife.debug.xcconfig"; sourceTree = "<group>"; };
/* End PBXFileReference section */

/* Begin PBXFrameworksBuildPhase section */
		2DAC2C5B1DBDE39F0011B00A /* Frameworks */ = {
			isa = PBXFrameworksBuildPhase;
			buildActionMask = 2147483647;
			files = (
				7088B928697F03179EB8B8EA /* Pods_enjoyLife.framework in Frameworks */,
			);
			runOnlyForDeploymentPostprocessing = 0;
		};
		2DAC2C6F1DBDE39F0011B00A /* Frameworks */ = {
			isa = PBXFrameworksBuildPhase;
			buildActionMask = 2147483647;
			files = (
			);
			runOnlyForDeploymentPostprocessing = 0;
		};
		2DAC2C7A1DBDE39F0011B00A /* Frameworks */ = {
			isa = PBXFrameworksBuildPhase;
			buildActionMask = 2147483647;
			files = (
			);
			runOnlyForDeploymentPostprocessing = 0;
		};
/* End PBXFrameworksBuildPhase section */

/* Begin PBXGroup section */
		2DAC2C551DBDE39F0011B00A = {
			isa = PBXGroup;
			children = (
				2DAC2C601DBDE39F0011B00A /* enjoyLife */,
				2DAC2C751DBDE39F0011B00A /* enjoyLifeTests */,
				2DAC2C801DBDE39F0011B00A /* enjoyLifeUITests */,
				2DAC2C5F1DBDE39F0011B00A /* Products */,
				FA700660488AA5BF09EDEBEB /* Pods */,
				F7996D0236C44AD6F4FF2AE6 /* Frameworks */,
			);
			sourceTree = "<group>";
		};
		2DAC2C5F1DBDE39F0011B00A /* Products */ = {
			isa = PBXGroup;
			children = (
				2DAC2C5E1DBDE39F0011B00A /* enjoyLife.app */,
				2DAC2C721DBDE39F0011B00A /* enjoyLifeTests.xctest */,
				2DAC2C7D1DBDE39F0011B00A /* enjoyLifeUITests.xctest */,
			);
			name = Products;
			sourceTree = "<group>";
		};
		2DAC2C601DBDE39F0011B00A /* enjoyLife */ = {
			isa = PBXGroup;
			children = (
				2DAC2C9C1DBDE61C0011B00A /* Resource */,
				2DAC2C921DBDE5630011B00A /* Common */,
				2DAC2C911DBDE5320011B00A /* main */,
				2DAC2C8F1DBDE4CB0011B00A /* finder */,
				2DAC2C901DBDE4E10011B00A /* haodian */,
				2DAC2C611DBDE39F0011B00A /* AppDelegate.swift */,
				2DAC2C631DBDE39F0011B00A /* ViewController.swift */,
				2DAC2C651DBDE39F0011B00A /* Main.storyboard */,
				2DAC2C681DBDE39F0011B00A /* Assets.xcassets */,
				2DAC2C6A1DBDE39F0011B00A /* LaunchScreen.storyboard */,
				2DAC2C6D1DBDE39F0011B00A /* Info.plist */,
			);
			path = enjoyLife;
			sourceTree = "<group>";
		};
		2DAC2C751DBDE39F0011B00A /* enjoyLifeTests */ = {
			isa = PBXGroup;
			children = (
				2DAC2C761DBDE39F0011B00A /* enjoyLifeTests.swift */,
				2DAC2C781DBDE39F0011B00A /* Info.plist */,
			);
			path = enjoyLifeTests;
			sourceTree = "<group>";
		};
		2DAC2C801DBDE39F0011B00A /* enjoyLifeUITests */ = {
			isa = PBXGroup;
			children = (
				2DAC2C811DBDE39F0011B00A /* enjoyLifeUITests.swift */,
				2DAC2C831DBDE39F0011B00A /* Info.plist */,
			);
			path = enjoyLifeUITests;
			sourceTree = "<group>";
		};
		2DAC2C8F1DBDE4CB0011B00A /* finder */ = {
			isa = PBXGroup;
			children = (
				2DAC2C9B1DBDE60E0011B00A /* Model */,
				2DAC2C9A1DBDE6070011B00A /* View */,
				2DAC2C991DBDE5FD0011B00A /* Controller */,
			);
			name = finder;
			sourceTree = "<group>";
		};
		2DAC2C901DBDE4E10011B00A /* haodian */ = {
			isa = PBXGroup;
			children = (
				2DAC2C981DBDE5F50011B00A /* Model */,
				2DAC2C971DBDE5EF0011B00A /* View */,
				2DAC2C961DBDE5E60011B00A /* Controller */,
			);
			name = haodian;
			sourceTree = "<group>";
		};
		2DAC2C911DBDE5320011B00A /* main */ = {
			isa = PBXGroup;
			children = (
				2DAC2C931DBDE5C40011B00A /* model */,
				2DAC2C941DBDE5CA0011B00A /* View */,
				2DAC2C951DBDE5D40011B00A /* Controller */,
			);
			name = main;
			sourceTree = "<group>";
		};
		2DAC2C921DBDE5630011B00A /* Common */ = {
			isa = PBXGroup;
			children = (
				2DAC2CA41DBDE7320011B00A /* LPTabBarViewController.swift */,
				2DAC2D041DBE13ED0011B00A /* LPNavigationBarPro.swift */,
				2DAC2CFB1DBE0E730011B00A /* common.swift */,
			);
			name = Common;
			sourceTree = "<group>";
		};
		2DAC2C931DBDE5C40011B00A /* model */ = {
			isa = PBXGroup;
			children = (
			);
			name = model;
			sourceTree = "<group>";
		};
		2DAC2C941DBDE5CA0011B00A /* View */ = {
			isa = PBXGroup;
			children = (
			);
			name = View;
			sourceTree = "<group>";
		};
		2DAC2C951DBDE5D40011B00A /* Controller */ = {
			isa = PBXGroup;
			children = (
				2DAC2CA21DBDE6B60011B00A /* MainViewController.swift */,
			);
			name = Controller;
			sourceTree = "<group>";
		};
		2DAC2C961DBDE5E60011B00A /* Controller */ = {
			isa = PBXGroup;
			children = (
				2DAC2CA01DBDE6A40011B00A /* ShopViewController.swift */,
			);
			name = Controller;
			sourceTree = "<group>";
		};
		2DAC2C971DBDE5EF0011B00A /* View */ = {
			isa = PBXGroup;
			children = (
			);
			name = View;
			sourceTree = "<group>";
		};
		2DAC2C981DBDE5F50011B00A /* Model */ = {
			isa = PBXGroup;
			children = (
			);
			name = Model;
			sourceTree = "<group>";
		};
		2DAC2C991DBDE5FD0011B00A /* Controller */ = {
			isa = PBXGroup;
			children = (
				2DAC2C9E1DBDE68B0011B00A /* FindViewController.swift */,
			);
			name = Controller;
			sourceTree = "<group>";
		};
		2DAC2C9A1DBDE6070011B00A /* View */ = {
			isa = PBXGroup;
			children = (
			);
			name = View;
			sourceTree = "<group>";
		};
		2DAC2C9B1DBDE60E0011B00A /* Model */ = {
			isa = PBXGroup;
			children = (
			);
			name = Model;
			sourceTree = "<group>";
		};
		2DAC2C9C1DBDE61C0011B00A /* Resource */ = {
			isa = PBXGroup;
			children = (
				2DAC2C9D1DBDE6320011B00A /* image */,
			);
			name = Resource;
			sourceTree = "<group>";
		};
		2DAC2C9D1DBDE6320011B00A /* image */ = {
			isa = PBXGroup;
			children = (
				2DAC2D121DBE2A790011B00A /* zdsearch@2x.png */,
				2DAC2D131DBE2A790011B00A /* zdsearch@3x.png */,
				2DAC2D081DBE186C0011B00A /* navBg.png */,
				2DAC2D0A1DBE1E3D0011B00A /* searchdi@2x.png */,
				2DAC2D0B1DBE1E3D0011B00A /* searchdi@3x.png */,
				2DAC2CA61DBDE9BA0011B00A /* tabbarIcon */,
			);
			name = image;
			sourceTree = "<group>";
		};
		2DAC2CA61DBDE9BA0011B00A /* tabbarIcon */ = {
			isa = PBXGroup;
			children = (
				2DAC2CCB1DBDE9F50011B00A /* tab_icon_club_highlight_30x30_@2x.png */,
				2DAC2CCC1DBDE9F50011B00A /* tab_icon_club_highlight_30x30_@3x.png */,
				2DAC2CC71DBDE9EC0011B00A /* tab_icon_club_30x30_@2x.png */,
				2DAC2CC81DBDE9EC0011B00A /* tab_icon_club_30x30_@3x.png */,
				2DAC2CA71DBDE9C80011B00A /* tab_icon_explore_30x30_@2x.png */,
				2DAC2CA81DBDE9C80011B00A /* tab_icon_explore_30x30_@3x.png */,
				2DAC2CA91DBDE9C80011B00A /* tab_icon_home_30x30_@2x.png */,
				2DAC2CAA1DBDE9C80011B00A /* tab_icon_home_30x30_@3x.png */,
				2DAC2CAB1DBDE9C80011B00A /* tab_icon_me_30x30_@2x.png */,
				2DAC2CAC1DBDE9C80011B00A /* tab_icon_me_30x30_@3x.png */,
				2DAC2CAD1DBDE9C80011B00A /* tab_icon_store_30x30_@2x.png */,
				2DAC2CAE1DBDE9C80011B00A /* tab_icon_store_30x30_@3x.png */,
				2DAC2CB71DBDE9E40011B00A /* tab_icon_explore_highlight_30x30_@2x.png */,
				2DAC2CB81DBDE9E40011B00A /* tab_icon_explore_highlight_30x30_@3x.png */,
				2DAC2CB91DBDE9E40011B00A /* tab_icon_home_highlight_30x30_@2x.png */,
				2DAC2CBA1DBDE9E40011B00A /* tab_icon_home_highlight_30x30_@3x.png */,
				2DAC2CBB1DBDE9E40011B00A /* tab_icon_me_highlight_30x30_@2x.png */,
				2DAC2CBC1DBDE9E40011B00A /* tab_icon_me_highlight_30x30_@3x.png */,
				2DAC2CBD1DBDE9E40011B00A /* tab_icon_store_highlight_30x30_@2x.png */,
				2DAC2CBE1DBDE9E40011B00A /* tab_icon_store_highlight_30x30_@3x.png */,
			);
			name = tabbarIcon;
			sourceTree = "<group>";
		};
		F7996D0236C44AD6F4FF2AE6 /* Frameworks */ = {
			isa = PBXGroup;
			children = (
				49606BB643AEB2C2CDC4C73E /* Pods_enjoyLife.framework */,
			);
			name = Frameworks;
			sourceTree = "<group>";
		};
		FA700660488AA5BF09EDEBEB /* Pods */ = {
			isa = PBXGroup;
			children = (
				98FB3A3D3D3CFFFF384BC050 /* Pods-enjoyLife.debug.xcconfig */,
				735016D022F38FDDB49425E0 /* Pods-enjoyLife.release.xcconfig */,
			);
			name = Pods;
			sourceTree = "<group>";
		};
/* End PBXGroup section */

/* Begin PBXNativeTarget section */
		2DAC2C5D1DBDE39F0011B00A /* enjoyLife */ = {
			isa = PBXNativeTarget;
			buildConfigurationList = 2DAC2C861DBDE3A00011B00A /* Build configuration list for PBXNativeTarget "enjoyLife" */;
			buildPhases = (
				837BD74CBB5383E9BF8BF64A /* [CP] Check Pods Manifest.lock */,
				2DAC2C5A1DBDE39F0011B00A /* Sources */,
				2DAC2C5B1DBDE39F0011B00A /* Frameworks */,
				2DAC2C5C1DBDE39F0011B00A /* Resources */,
				EDA0D7CB66B3BFB31D27400B /* [CP] Embed Pods Frameworks */,
				1B8D6B30113FFFCA53BC580A /* [CP] Copy Pods Resources */,
			);
			buildRules = (
			);
			dependencies = (
			);
			name = enjoyLife;
			productName = enjoyLife;
			productReference = 2DAC2C5E1DBDE39F0011B00A /* enjoyLife.app */;
			productType = "com.apple.product-type.application";
		};
		2DAC2C711DBDE39F0011B00A /* enjoyLifeTests */ = {
			isa = PBXNativeTarget;
			buildConfigurationList = 2DAC2C891DBDE3A00011B00A /* Build configuration list for PBXNativeTarget "enjoyLifeTests" */;
			buildPhases = (
				2DAC2C6E1DBDE39F0011B00A /* Sources */,
				2DAC2C6F1DBDE39F0011B00A /* Frameworks */,
				2DAC2C701DBDE39F0011B00A /* Resources */,
			);
			buildRules = (
			);
			dependencies = (
				2DAC2C741DBDE39F0011B00A /* PBXTargetDependency */,
			);
			name = enjoyLifeTests;
			productName = enjoyLifeTests;
			productReference = 2DAC2C721DBDE39F0011B00A /* enjoyLifeTests.xctest */;
			productType = "com.apple.product-type.bundle.unit-test";
		};
		2DAC2C7C1DBDE39F0011B00A /* enjoyLifeUITests */ = {
			isa = PBXNativeTarget;
			buildConfigurationList = 2DAC2C8C1DBDE3A00011B00A /* Build configuration list for PBXNativeTarget "enjoyLifeUITests" */;
			buildPhases = (
				2DAC2C791DBDE39F0011B00A /* Sources */,
				2DAC2C7A1DBDE39F0011B00A /* Frameworks */,
				2DAC2C7B1DBDE39F0011B00A /* Resources */,
			);
			buildRules = (
			);
			dependencies = (
				2DAC2C7F1DBDE39F0011B00A /* PBXTargetDependency */,
			);
			name = enjoyLifeUITests;
			productName = enjoyLifeUITests;
			productReference = 2DAC2C7D1DBDE39F0011B00A /* enjoyLifeUITests.xctest */;
			productType = "com.apple.product-type.bundle.ui-testing";
		};
/* End PBXNativeTarget section */

/* Begin PBXProject section */
		2DAC2C561DBDE39F0011B00A /* Project object */ = {
			isa = PBXProject;
			attributes = {
				LastSwiftUpdateCheck = 0730;
				LastUpgradeCheck = 0730;
				ORGANIZATIONNAME = "罗平";
				TargetAttributes = {
					2DAC2C5D1DBDE39F0011B00A = {
						CreatedOnToolsVersion = 7.3.1;
					};
					2DAC2C711DBDE39F0011B00A = {
						CreatedOnToolsVersion = 7.3.1;
						TestTargetID = 2DAC2C5D1DBDE39F0011B00A;
					};
					2DAC2C7C1DBDE39F0011B00A = {
						CreatedOnToolsVersion = 7.3.1;
						TestTargetID = 2DAC2C5D1DBDE39F0011B00A;
					};
				};
			};
			buildConfigurationList = 2DAC2C591DBDE39F0011B00A /* Build configuration list for PBXProject "enjoyLife" */;
			compatibilityVersion = "Xcode 3.2";
			developmentRegion = English;
			hasScannedForEncodings = 0;
			knownRegions = (
				en,
				Base,
			);
			mainGroup = 2DAC2C551DBDE39F0011B00A;
			productRefGroup = 2DAC2C5F1DBDE39F0011B00A /* Products */;
			projectDirPath = "";
			projectRoot = "";
			targets = (
				2DAC2C5D1DBDE39F0011B00A /* enjoyLife */,
				2DAC2C711DBDE39F0011B00A /* enjoyLifeTests */,
				2DAC2C7C1DBDE39F0011B00A /* enjoyLifeUITests */,
			);
		};
/* End PBXProject section */

/* Begin PBXResourcesBuildPhase section */
		2DAC2C5C1DBDE39F0011B00A /* Resources */ = {
			isa = PBXResourcesBuildPhase;
			buildActionMask = 2147483647;
			files = (
				2DAC2CC61DBDE9E40011B00A /* tab_icon_store_highlight_30x30_@3x.png in Resources */,
				2DAC2CC11DBDE9E40011B00A /* tab_icon_home_highlight_30x30_@2x.png in Resources */,
				2DAC2CAF1DBDE9C80011B00A /* tab_icon_explore_30x30_@2x.png in Resources */,
				2DAC2D151DBE2A790011B00A /* zdsearch@3x.png in Resources */,
				2DAC2CBF1DBDE9E40011B00A /* tab_icon_explore_highlight_30x30_@2x.png in Resources */,
				2DAC2CCA1DBDE9EC0011B00A /* tab_icon_club_30x30_@3x.png in Resources */,
				2DAC2CB11DBDE9C80011B00A /* tab_icon_home_30x30_@2x.png in Resources */,
				2DAC2D0D1DBE1E3D0011B00A /* searchdi@3x.png in Resources */,
				2DAC2CB31DBDE9C80011B00A /* tab_icon_me_30x30_@2x.png in Resources */,
				2DAC2C6C1DBDE39F0011B00A /* LaunchScreen.storyboard in Resources */,
				2DAC2CC41DBDE9E40011B00A /* tab_icon_me_highlight_30x30_@3x.png in Resources */,
				2DAC2CC91DBDE9EC0011B00A /* tab_icon_club_30x30_@2x.png in Resources */,
				2DAC2CB41DBDE9C80011B00A /* tab_icon_me_30x30_@3x.png in Resources */,
				2DAC2CCD1DBDE9F50011B00A /* tab_icon_club_highlight_30x30_@2x.png in Resources */,
				2DAC2CC01DBDE9E40011B00A /* tab_icon_explore_highlight_30x30_@3x.png in Resources */,
				2DAC2C691DBDE39F0011B00A /* Assets.xcassets in Resources */,
				2DAC2CCE1DBDE9F50011B00A /* tab_icon_club_highlight_30x30_@3x.png in Resources */,
				2DAC2CB51DBDE9C80011B00A /* tab_icon_store_30x30_@2x.png in Resources */,
				2DAC2D141DBE2A790011B00A /* zdsearch@2x.png in Resources */,
				2DAC2CC21DBDE9E40011B00A /* tab_icon_home_highlight_30x30_@3x.png in Resources */,
				2DAC2CC31DBDE9E40011B00A /* tab_icon_me_highlight_30x30_@2x.png in Resources */,
				2DAC2D091DBE186C0011B00A /* navBg.png in Resources */,
				2DAC2D0C1DBE1E3D0011B00A /* searchdi@2x.png in Resources */,
				2DAC2CB61DBDE9C80011B00A /* tab_icon_store_30x30_@3x.png in Resources */,
				2DAC2CB01DBDE9C80011B00A /* tab_icon_explore_30x30_@3x.png in Resources */,
				2DAC2CC51DBDE9E40011B00A /* tab_icon_store_highlight_30x30_@2x.png in Resources */,
				2DAC2C671DBDE39F0011B00A /* Main.storyboard in Resources */,
				2DAC2CB21DBDE9C80011B00A /* tab_icon_home_30x30_@3x.png in Resources */,
			);
			runOnlyForDeploymentPostprocessing = 0;
		};
		2DAC2C701DBDE39F0011B00A /* Resources */ = {
			isa = PBXResourcesBuildPhase;
			buildActionMask = 2147483647;
			files = (
			);
			runOnlyForDeploymentPostprocessing = 0;
		};
		2DAC2C7B1DBDE39F0011B00A /* Resources */ = {
			isa = PBXResourcesBuildPhase;
			buildActionMask = 2147483647;
			files = (
			);
			runOnlyForDeploymentPostprocessing = 0;
		};
/* End PBXResourcesBuildPhase section */

/* Begin PBXShellScriptBuildPhase section */
		1B8D6B30113FFFCA53BC580A /* [CP] Copy Pods Resources */ = {
			isa = PBXShellScriptBuildPhase;
			buildActionMask = 2147483647;
			files = (
			);
			inputPaths = (
			);
			name = "[CP] Copy Pods Resources";
			outputPaths = (
			);
			runOnlyForDeploymentPostprocessing = 0;
			shellPath = /bin/sh;
			shellScript = "\"${SRCROOT}/Pods/Target Support Files/Pods-enjoyLife/Pods-enjoyLife-resources.sh\"\n";
			showEnvVarsInLog = 0;
		};
		837BD74CBB5383E9BF8BF64A /* [CP] Check Pods Manifest.lock */ = {
			isa = PBXShellScriptBuildPhase;
			buildActionMask = 2147483647;
			files = (
			);
			inputPaths = (
			);
			name = "[CP] Check Pods Manifest.lock";
			outputPaths = (
			);
			runOnlyForDeploymentPostprocessing = 0;
			shellPath = /bin/sh;
			shellScript = "diff \"${PODS_ROOT}/../Podfile.lock\" \"${PODS_ROOT}/Manifest.lock\" > /dev/null\nif [[ $? != 0 ]] ; then\n    cat << EOM\nerror: The sandbox is not in sync with the Podfile.lock. Run 'pod install' or update your CocoaPods installation.\nEOM\n    exit 1\nfi\n";
			showEnvVarsInLog = 0;
		};
		EDA0D7CB66B3BFB31D27400B /* [CP] Embed Pods Frameworks */ = {
			isa = PBXShellScriptBuildPhase;
			buildActionMask = 2147483647;
			files = (
			);
			inputPaths = (
			);
			name = "[CP] Embed Pods Frameworks";
			outputPaths = (
			);
			runOnlyForDeploymentPostprocessing = 0;
			shellPath = /bin/sh;
			shellScript = "\"${SRCROOT}/Pods/Target Support Files/Pods-enjoyLife/Pods-enjoyLife-frameworks.sh\"\n";
			showEnvVarsInLog = 0;
		};
/* End PBXShellScriptBuildPhase section */

/* Begin PBXSourcesBuildPhase section */
		2DAC2C5A1DBDE39F0011B00A /* Sources */ = {
			isa = PBXSourcesBuildPhase;
			buildActionMask = 2147483647;
			files = (
				2DAC2CFC1DBE0E730011B00A /* common.swift in Sources */,
				2DAC2CA31DBDE6B60011B00A /* MainViewController.swift in Sources */,
				2DAC2CA11DBDE6A40011B00A /* ShopViewController.swift in Sources */,
				2DAC2C641DBDE39F0011B00A /* ViewController.swift in Sources */,
				2DAC2C621DBDE39F0011B00A /* AppDelegate.swift in Sources */,
				2DAC2D051DBE13ED0011B00A /* LPNavigationBarPro.swift in Sources */,
				2DAC2CA51DBDE7320011B00A /* LPTabBarViewController.swift in Sources */,
				2DAC2C9F1DBDE68B0011B00A /* FindViewController.swift in Sources */,
			);
			runOnlyForDeploymentPostprocessing = 0;
		};
		2DAC2C6E1DBDE39F0011B00A /* Sources */ = {
			isa = PBXSourcesBuildPhase;
			buildActionMask = 2147483647;
			files = (
				2DAC2C771DBDE39F0011B00A /* enjoyLifeTests.swift in Sources */,
			);
			runOnlyForDeploymentPostprocessing = 0;
		};
		2DAC2C791DBDE39F0011B00A /* Sources */ = {
			isa = PBXSourcesBuildPhase;
			buildActionMask = 2147483647;
			files = (
				2DAC2C821DBDE39F0011B00A /* enjoyLifeUITests.swift in Sources */,
			);
			runOnlyForDeploymentPostprocessing = 0;
		};
/* End PBXSourcesBuildPhase section */

/* Begin PBXTargetDependency section */
		2DAC2C741DBDE39F0011B00A /* PBXTargetDependency */ = {
			isa = PBXTargetDependency;
			target = 2DAC2C5D1DBDE39F0011B00A /* enjoyLife */;
			targetProxy = 2DAC2C731DBDE39F0011B00A /* PBXContainerItemProxy */;
		};
		2DAC2C7F1DBDE39F0011B00A /* PBXTargetDependency */ = {
			isa = PBXTargetDependency;
			target = 2DAC2C5D1DBDE39F0011B00A /* enjoyLife */;
			targetProxy = 2DAC2C7E1DBDE39F0011B00A /* PBXContainerItemProxy */;
		};
/* End PBXTargetDependency section */

/* Begin PBXVariantGroup section */
		2DAC2C651DBDE39F0011B00A /* Main.storyboard */ = {
			isa = PBXVariantGroup;
			children = (
				2DAC2C661DBDE39F0011B00A /* Base */,
			);
			name = Main.storyboard;
			sourceTree = "<group>";
		};
		2DAC2C6A1DBDE39F0011B00A /* LaunchScreen.storyboard */ = {
			isa = PBXVariantGroup;
			children = (
				2DAC2C6B1DBDE39F0011B00A /* Base */,
			);
			name = LaunchScreen.storyboard;
			sourceTree = "<group>";
		};
/* End PBXVariantGroup section */

/* Begin XCBuildConfiguration section */
		2DAC2C841DBDE39F0011B00A /* Debug */ = {
			isa = XCBuildConfiguration;
			buildSettings = {
				ALWAYS_SEARCH_USER_PATHS = NO;
				CLANG_ANALYZER_NONNULL = YES;
				CLANG_CXX_LANGUAGE_STANDARD = "gnu++0x";
				CLANG_CXX_LIBRARY = "libc++";
				CLANG_ENABLE_MODULES = YES;
				CLANG_ENABLE_OBJC_ARC = YES;
				CLANG_WARN_BOOL_CONVERSION = YES;
				CLANG_WARN_CONSTANT_CONVERSION = YES;
				CLANG_WARN_DIRECT_OBJC_ISA_USAGE = YES_ERROR;
				CLANG_WARN_EMPTY_BODY = YES;
				CLANG_WARN_ENUM_CONVERSION = YES;
				CLANG_WARN_INT_CONVERSION = YES;
				CLANG_WARN_OBJC_ROOT_CLASS = YES_ERROR;
				CLANG_WARN_UNREACHABLE_CODE = YES;
				CLANG_WARN__DUPLICATE_METHOD_MATCH = YES;
				"CODE_SIGN_IDENTITY[sdk=iphoneos*]" = "iPhone Developer";
				COPY_PHASE_STRIP = NO;
				DEBUG_INFORMATION_FORMAT = dwarf;
				ENABLE_STRICT_OBJC_MSGSEND = YES;
				ENABLE_TESTABILITY = YES;
				GCC_C_LANGUAGE_STANDARD = gnu99;
				GCC_DYNAMIC_NO_PIC = NO;
				GCC_NO_COMMON_BLOCKS = YES;
				GCC_OPTIMIZATION_LEVEL = 0;
				GCC_PREPROCESSOR_DEFINITIONS = (
					"DEBUG=1",
					"$(inherited)",
				);
				GCC_WARN_64_TO_32_BIT_CONVERSION = YES;
				GCC_WARN_ABOUT_RETURN_TYPE = YES_ERROR;
				GCC_WARN_UNDECLARED_SELECTOR = YES;
				GCC_WARN_UNINITIALIZED_AUTOS = YES_AGGRESSIVE;
				GCC_WARN_UNUSED_FUNCTION = YES;
				GCC_WARN_UNUSED_VARIABLE = YES;
				IPHONEOS_DEPLOYMENT_TARGET = 9.3;
				MTL_ENABLE_DEBUG_INFO = YES;
				ONLY_ACTIVE_ARCH = YES;
				SDKROOT = iphoneos;
				SWIFT_OPTIMIZATION_LEVEL = "-Onone";
				TARGETED_DEVICE_FAMILY = "1,2";
			};
			name = Debug;
		};
		2DAC2C851DBDE39F0011B00A /* Release */ = {
			isa = XCBuildConfiguration;
			buildSettings = {
				ALWAYS_SEARCH_USER_PATHS = NO;
				CLANG_ANALYZER_NONNULL = YES;
				CLANG_CXX_LANGUAGE_STANDARD = "gnu++0x";
				CLANG_CXX_LIBRARY = "libc++";
				CLANG_ENABLE_MODULES = YES;
				CLANG_ENABLE_OBJC_ARC = YES;
				CLANG_WARN_BOOL_CONVERSION = YES;
				CLANG_WARN_CONSTANT_CONVERSION = YES;
				CLANG_WARN_DIRECT_OBJC_ISA_USAGE = YES_ERROR;
				CLANG_WARN_EMPTY_BODY = YES;
				CLANG_WARN_ENUM_CONVERSION = YES;
				CLANG_WARN_INT_CONVERSION = YES;
				CLANG_WARN_OBJC_ROOT_CLASS = YES_ERROR;
				CLANG_WARN_UNREACHABLE_CODE = YES;
				CLANG_WARN__DUPLICATE_METHOD_MATCH = YES;
				"CODE_SIGN_IDENTITY[sdk=iphoneos*]" = "iPhone Developer";
				COPY_PHASE_STRIP = NO;
				DEBUG_INFORMATION_FORMAT = "dwarf-with-dsym";
				ENABLE_NS_ASSERTIONS = NO;
				ENABLE_STRICT_OBJC_MSGSEND = YES;
				GCC_C_LANGUAGE_STANDARD = gnu99;
				GCC_NO_COMMON_BLOCKS = YES;
				GCC_WARN_64_TO_32_BIT_CONVERSION = YES;
				GCC_WARN_ABOUT_RETURN_TYPE = YES_ERROR;
				GCC_WARN_UNDECLARED_SELECTOR = YES;
				GCC_WARN_UNINITIALIZED_AUTOS = YES_AGGRESSIVE;
				GCC_WARN_UNUSED_FUNCTION = YES;
				GCC_WARN_UNUSED_VARIABLE = YES;
				IPHONEOS_DEPLOYMENT_TARGET = 9.3;
				MTL_ENABLE_DEBUG_INFO = NO;
				SDKROOT = iphoneos;
				TARGETED_DEVICE_FAMILY = "1,2";
				VALIDATE_PRODUCT = YES;
			};
			name = Release;
		};
		2DAC2C871DBDE3A00011B00A /* Debug */ = {
			isa = XCBuildConfiguration;
			baseConfigurationReference = 98FB3A3D3D3CFFFF384BC050 /* Pods-enjoyLife.debug.xcconfig */;
			buildSettings = {
				ASSETCATALOG_COMPILER_APPICON_NAME = AppIcon;
				INFOPLIST_FILE = enjoyLife/Info.plist;
				LD_RUNPATH_SEARCH_PATHS = "$(inherited) @executable_path/Frameworks";
				PRODUCT_BUNDLE_IDENTIFIER = luoping.enjoyLife;
				PRODUCT_NAME = "$(TARGET_NAME)";
			};
			name = Debug;
		};
		2DAC2C881DBDE3A00011B00A /* Release */ = {
			isa = XCBuildConfiguration;
			baseConfigurationReference = 735016D022F38FDDB49425E0 /* Pods-enjoyLife.release.xcconfig */;
			buildSettings = {
				ASSETCATALOG_COMPILER_APPICON_NAME = AppIcon;
				INFOPLIST_FILE = enjoyLife/Info.plist;
				LD_RUNPATH_SEARCH_PATHS = "$(inherited) @executable_path/Frameworks";
				PRODUCT_BUNDLE_IDENTIFIER = luoping.enjoyLife;
				PRODUCT_NAME = "$(TARGET_NAME)";
			};
			name = Release;
		};
		2DAC2C8A1DBDE3A00011B00A /* Debug */ = {
			isa = XCBuildConfiguration;
			buildSettings = {
				BUNDLE_LOADER = "$(TEST_HOST)";
				INFOPLIST_FILE = enjoyLifeTests/Info.plist;
				LD_RUNPATH_SEARCH_PATHS = "$(inherited) @executable_path/Frameworks @loader_path/Frameworks";
				PRODUCT_BUNDLE_IDENTIFIER = luoping.enjoyLifeTests;
				PRODUCT_NAME = "$(TARGET_NAME)";
				TEST_HOST = "$(BUILT_PRODUCTS_DIR)/enjoyLife.app/enjoyLife";
			};
			name = Debug;
		};
		2DAC2C8B1DBDE3A00011B00A /* Release */ = {
			isa = XCBuildConfiguration;
			buildSettings = {
				BUNDLE_LOADER = "$(TEST_HOST)";
				INFOPLIST_FILE = enjoyLifeTests/Info.plist;
				LD_RUNPATH_SEARCH_PATHS = "$(inherited) @executable_path/Frameworks @loader_path/Frameworks";
				PRODUCT_BUNDLE_IDENTIFIER = luoping.enjoyLifeTests;
				PRODUCT_NAME = "$(TARGET_NAME)";
				TEST_HOST = "$(BUILT_PRODUCTS_DIR)/enjoyLife.app/enjoyLife";
			};
			name = Release;
		};
		2DAC2C8D1DBDE3A00011B00A /* Debug */ = {
			isa = XCBuildConfiguration;
			buildSettings = {
				INFOPLIST_FILE = enjoyLifeUITests/Info.plist;
				LD_RUNPATH_SEARCH_PATHS = "$(inherited) @executable_path/Frameworks @loader_path/Frameworks";
				PRODUCT_BUNDLE_IDENTIFIER = luoping.enjoyLifeUITests;
				PRODUCT_NAME = "$(TARGET_NAME)";
				TEST_TARGET_NAME = enjoyLife;
			};
			name = Debug;
		};
		2DAC2C8E1DBDE3A00011B00A /* Release */ = {
			isa = XCBuildConfiguration;
			buildSettings = {
				INFOPLIST_FILE = enjoyLifeUITests/Info.plist;
				LD_RUNPATH_SEARCH_PATHS = "$(inherited) @executable_path/Frameworks @loader_path/Frameworks";
				PRODUCT_BUNDLE_IDENTIFIER = luoping.enjoyLifeUITests;
				PRODUCT_NAME = "$(TARGET_NAME)";
				TEST_TARGET_NAME = enjoyLife;
			};
			name = Release;
		};
/* End XCBuildConfiguration section */

/* Begin XCConfigurationList section */
		2DAC2C591DBDE39F0011B00A /* Build configuration list for PBXProject "enjoyLife" */ = {
			isa = XCConfigurationList;
			buildConfigurations = (
				2DAC2C841DBDE39F0011B00A /* Debug */,
				2DAC2C851DBDE39F0011B00A /* Release */,
			);
			defaultConfigurationIsVisible = 0;
			defaultConfigurationName = Release;
		};
		2DAC2C861DBDE3A00011B00A /* Build configuration list for PBXNativeTarget "enjoyLife" */ = {
			isa = XCConfigurationList;
			buildConfigurations = (
				2DAC2C871DBDE3A00011B00A /* Debug */,
				2DAC2C881DBDE3A00011B00A /* Release */,
			);
			defaultConfigurationIsVisible = 0;
			defaultConfigurationName = Release;
		};
		2DAC2C891DBDE3A00011B00A /* Build configuration list for PBXNativeTarget "enjoyLifeTests" */ = {
			isa = XCConfigurationList;
			buildConfigurations = (
				2DAC2C8A1DBDE3A00011B00A /* Debug */,
				2DAC2C8B1DBDE3A00011B00A /* Release */,
			);
			defaultConfigurationIsVisible = 0;
			defaultConfigurationName = Release;
		};
		2DAC2C8C1DBDE3A00011B00A /* Build configuration list for PBXNativeTarget "enjoyLifeUITests" */ = {
			isa = XCConfigurationList;
			buildConfigurations = (
				2DAC2C8D1DBDE3A00011B00A /* Debug */,
				2DAC2C8E1DBDE3A00011B00A /* Release */,
			);
			defaultConfigurationIsVisible = 0;
			defaultConfigurationName = Release;
		};
/* End XCConfigurationList section */
	};
	rootObject = 2DAC2C561DBDE39F0011B00A /* Project object */;
}
